
Microsoft Visual Studio Solution File, Format Version 12.00
# Visual Studio 15
VisualStudioVersion = 15.0.27428.2043
MinimumVisualStudioVersion = 10.0.40219.1
Project("{FAE04EC0-301F-11D3-BF4B-00C04F79EFBC}") = "CoreTester", "CoreTester\CoreTester.csproj", "{AAC5439D-E265-4568-92D4-2E8E5FB6D0C2}"
EndProject
Project("{FAE04EC0-301F-11D3-BF4B-00C04F79EFBC}") = "FrameworkTester462", "..\FrameworkTester462\FrameworkTester462.csproj", "{F47CDF8F-45B6-456F-B30E-8E2FABEEAFD0}"
EndProject
Project("{FAE04EC0-301F-11D3-BF4B-00C04F79EFBC}") = "FrameworkTester471", "FrameworkTester471\FrameworkTester471.csproj", "{7DFFEACA-DEFB-4C5D-89C0-75E8A753E039}"
EndProject
Global
	GlobalSection(SolutionConfigurationPlatforms) = preSolution
		Debug|Any CPU = Debug|Any CPU
		Release|Any CPU = Release|Any CPU
	EndGlobalSection
	GlobalSection(ProjectConfigurationPlatforms) = postSolution
		{AAC5439D-E265-4568-92D4-2E8E5FB6D0C2}.Debug|Any CPU.ActiveCfg = Debug|Any CPU
		{AAC5439D-E265-4568-92D4-2E8E5FB6D0C2}.Debug|Any CPU.Build.0 = Debug|Any CPU
		{AAC5439D-E265-4568-92D4-2E8E5FB6D0C2}.Release|Any CPU.ActiveCfg = Release|Any CPU
		{AAC5439D-E265-4568-92D4-2E8E5FB6D0C2}.Release|Any CPU.Build.0 = Release|Any CPU
		{F47CDF8F-45B6-456F-B30E-8E2FABEEAFD0}.Debug|Any CPU.ActiveCfg = Debug|Any CPU
		{F47CDF8F-45B6-456F-B30E-8E2FABEEAFD0}.Debug|Any CPU.Build.0 = Debug|Any CPU
		{F47CDF8F-45B6-456F-B30E-8E2FABEEAFD0}.Release|Any CPU.ActiveCfg = Release|Any CPU
		{F47CDF8F-45B6-456F-B30E-8E2FABEEAFD0}.Release|Any CPU.Build.0 = Release|Any CPU
		{7DFFEACA-DEFB-4C5D-89C0-75E8A753E039}.Debug|Any CPU.ActiveCfg = Debug|Any CPU
		{7DFFEACA-DEFB-4C5D-89C0-75E8A753E039}.Debug|Any CPU.Build.0 = Debug|Any CPU
		{7DFFEACA-DEFB-4C5D-89C0-75E8A753E039}.Release|Any CPU.ActiveCfg = Release|Any CPU
		{7DFFEACA-DEFB-4C5D-89C0-75E8A753E039}.Release|Any CPU.Build.0 = Release|Any CPU
	EndGlobalSection
	GlobalSection(SolutionProperties) = preSolution
		HideSolutionNode = FALSE
	EndGlobalSection
	GlobalSection(ExtensibilityGlobals) = postSolution
		SolutionGuid = {BF1451EB-BA89-459E-ADD1-06E2AE46B40F}
	EndGlobalSection
EndGlobal
